// !$*UTF8*$!
{
	archiveVersion = 1;
	classes = {
	};
	objectVersion = 46;
	objects = {

/* Begin PBXBuildFile section */
		5B15D9DF165C096D00EE7F47 /* ChambermaidDataURLProtocol.m in Sources */ = {isa = PBXBuildFile; fileRef = 5B15D9DE165C096D00EE7F47 /* ChambermaidDataURLProtocol.m */; };
		5B9F819116597F5E00944D70 /* chambermaid-client.p12 in Resources */ = {isa = PBXBuildFile; fileRef = 5B9F819016597F5E00944D70 /* chambermaid-client.p12 */; };
		5B9F819416597F8E00944D70 /* Security.framework in Frameworks */ = {isa = PBXBuildFile; fileRef = 5B9F819316597F8E00944D70 /* Security.framework */; };
		5BBAE6D01658F71E002F9C5C /* UIKit.framework in Frameworks */ = {isa = PBXBuildFile; fileRef = 5BBAE6CF1658F71E002F9C5C /* UIKit.framework */; };
		5BBAE6D21658F71E002F9C5C /* Foundation.framework in Frameworks */ = {isa = PBXBuildFile; fileRef = 5BBAE6D11658F71E002F9C5C /* Foundation.framework */; };
		5BBAE6D41658F71E002F9C5C /* CoreGraphics.framework in Frameworks */ = {isa = PBXBuildFile; fileRef = 5BBAE6D31658F71E002F9C5C /* CoreGraphics.framework */; };
		5BBAE6DA1658F71E002F9C5C /* InfoPlist.strings in Resources */ = {isa = PBXBuildFile; fileRef = 5BBAE6D81658F71E002F9C5C /* InfoPlist.strings */; };
		5BBAE6DC1658F71E002F9C5C /* main.m in Sources */ = {isa = PBXBuildFile; fileRef = 5BBAE6DB1658F71E002F9C5C /* main.m */; };
		5BBAE6E01658F71E002F9C5C /* ChambermaidAppDelegate.m in Sources */ = {isa = PBXBuildFile; fileRef = 5BBAE6DF1658F71E002F9C5C /* ChambermaidAppDelegate.m */; };
		5BBAE6E31658F71E002F9C5C /* ChambermaidViewController.m in Sources */ = {isa = PBXBuildFile; fileRef = 5BBAE6E21658F71E002F9C5C /* ChambermaidViewController.m */; };
		5BBAE6E61658F71E002F9C5C /* ChambermaidViewController.xib in Resources */ = {isa = PBXBuildFile; fileRef = 5BBAE6E41658F71E002F9C5C /* ChambermaidViewController.xib */; };
		5BBAE6EE1658F77F002F9C5C /* ChambermaidURLProtocol.m in Sources */ = {isa = PBXBuildFile; fileRef = 5BBAE6ED1658F77F002F9C5C /* ChambermaidURLProtocol.m */; };
		5BBAE6F01658FA0B002F9C5C /* chambermaid-frontend in Resources */ = {isa = PBXBuildFile; fileRef = 5BBAE6EF1658FA0B002F9C5C /* chambermaid-frontend */; };
/* End PBXBuildFile section */

/* Begin PBXFileReference section */
		5B15D9DD165C096D00EE7F47 /* ChambermaidDataURLProtocol.h */ = {isa = PBXFileReference; fileEncoding = 4; lastKnownFileType = sourcecode.c.h; path = ChambermaidDataURLProtocol.h; sourceTree = "<group>"; };
		5B15D9DE165C096D00EE7F47 /* ChambermaidDataURLProtocol.m */ = {isa = PBXFileReference; fileEncoding = 4; lastKnownFileType = sourcecode.c.objc; path = ChambermaidDataURLProtocol.m; sourceTree = "<group>"; };
		5B9F819016597F5E00944D70 /* chambermaid-client.p12 */ = {isa = PBXFileReference; lastKnownFileType = file; path = "chambermaid-client.p12"; sourceTree = "<group>"; };
		5B9F819316597F8E00944D70 /* Security.framework */ = {isa = PBXFileReference; lastKnownFileType = wrapper.framework; name = Security.framework; path = System/Library/Frameworks/Security.framework; sourceTree = SDKROOT; };
		5BBAE6CB1658F71E002F9C5C /* chambermaid-ios.app */ = {isa = PBXFileReference; explicitFileType = wrapper.application; includeInIndex = 0; path = "chambermaid-ios.app"; sourceTree = BUILT_PRODUCTS_DIR; };
		5BBAE6CF1658F71E002F9C5C /* UIKit.framework */ = {isa = PBXFileReference; lastKnownFileType = wrapper.framework; name = UIKit.framework; path = System/Library/Frameworks/UIKit.framework; sourceTree = SDKROOT; };
		5BBAE6D11658F71E002F9C5C /* Foundation.framework */ = {isa = PBXFileReference; lastKnownFileType = wrapper.framework; name = Foundation.framework; path = System/Library/Frameworks/Foundation.framework; sourceTree = SDKROOT; };
		5BBAE6D31658F71E002F9C5C /* CoreGraphics.framework */ = {isa = PBXFileReference; lastKnownFileType = wrapper.framework; name = CoreGraphics.framework; path = System/Library/Frameworks/CoreGraphics.framework; sourceTree = SDKROOT; };
		5BBAE6D71658F71E002F9C5C /* chambermaid-ios-Info.plist */ = {isa = PBXFileReference; lastKnownFileType = text.plist.xml; path = "chambermaid-ios-Info.plist"; sourceTree = "<group>"; };
		5BBAE6D91658F71E002F9C5C /* en */ = {isa = PBXFileReference; lastKnownFileType = text.plist.strings; name = en; path = en.lproj/InfoPlist.strings; sourceTree = "<group>"; };
		5BBAE6DB1658F71E002F9C5C /* main.m */ = {isa = PBXFileReference; lastKnownFileType = sourcecode.c.objc; path = main.m; sourceTree = "<group>"; };
		5BBAE6DD1658F71E002F9C5C /* chambermaid-ios-Prefix.pch */ = {isa = PBXFileReference; lastKnownFileType = sourcecode.c.h; path = "chambermaid-ios-Prefix.pch"; sourceTree = "<group>"; };
		5BBAE6DE1658F71E002F9C5C /* ChambermaidAppDelegate.h */ = {isa = PBXFileReference; lastKnownFileType = sourcecode.c.h; path = ChambermaidAppDelegate.h; sourceTree = "<group>"; };
		5BBAE6DF1658F71E002F9C5C /* ChambermaidAppDelegate.m */ = {isa = PBXFileReference; lastKnownFileType = sourcecode.c.objc; path = ChambermaidAppDelegate.m; sourceTree = "<group>"; };
		5BBAE6E11658F71E002F9C5C /* ChambermaidViewController.h */ = {isa = PBXFileReference; lastKnownFileType = sourcecode.c.h; path = ChambermaidViewController.h; sourceTree = "<group>"; };
		5BBAE6E21658F71E002F9C5C /* ChambermaidViewController.m */ = {isa = PBXFileReference; lastKnownFileType = sourcecode.c.objc; path = ChambermaidViewController.m; sourceTree = "<group>"; };
		5BBAE6E51658F71E002F9C5C /* en */ = {isa = PBXFileReference; lastKnownFileType = file.xib; name = en; path = en.lproj/ChambermaidViewController.xib; sourceTree = "<group>"; };
		5BBAE6EC1658F77F002F9C5C /* ChambermaidURLProtocol.h */ = {isa = PBXFileReference; fileEncoding = 4; lastKnownFileType = sourcecode.c.h; path = ChambermaidURLProtocol.h; sourceTree = "<group>"; };
		5BBAE6ED1658F77F002F9C5C /* ChambermaidURLProtocol.m */ = {isa = PBXFileReference; fileEncoding = 4; lastKnownFileType = sourcecode.c.objc; path = ChambermaidURLProtocol.m; sourceTree = "<group>"; };
		5BBAE6EF1658FA0B002F9C5C /* chambermaid-frontend */ = {isa = PBXFileReference; lastKnownFileType = folder; path = "chambermaid-frontend"; sourceTree = "<group>"; };
/* End PBXFileReference section */

/* Begin PBXFrameworksBuildPhase section */
		5BBAE6C81658F71E002F9C5C /* Frameworks */ = {
			isa = PBXFrameworksBuildPhase;
			buildActionMask = 2147483647;
			files = (
				5B9F819416597F8E00944D70 /* Security.framework in Frameworks */,
				5BBAE6D01658F71E002F9C5C /* UIKit.framework in Frameworks */,
				5BBAE6D21658F71E002F9C5C /* Foundation.framework in Frameworks */,
				5BBAE6D41658F71E002F9C5C /* CoreGraphics.framework in Frameworks */,
			);
			runOnlyForDeploymentPostprocessing = 0;
		};
/* End PBXFrameworksBuildPhase section */

/* Begin PBXGroup section */
		5BBAE6C01658F71D002F9C5C = {
			isa = PBXGroup;
			children = (
				5B9F819316597F8E00944D70 /* Security.framework */,
				5B9F819016597F5E00944D70 /* chambermaid-client.p12 */,
				5BBAE6EF1658FA0B002F9C5C /* chambermaid-frontend */,
				5BBAE6D51658F71E002F9C5C /* chambermaid-ios */,
				5BBAE6CE1658F71E002F9C5C /* Frameworks */,
				5BBAE6CC1658F71E002F9C5C /* Products */,
			);
			sourceTree = "<group>";
		};
		5BBAE6CC1658F71E002F9C5C /* Products */ = {
			isa = PBXGroup;
			children = (
				5BBAE6CB1658F71E002F9C5C /* chambermaid-ios.app */,
			);
			name = Products;
			sourceTree = "<group>";
		};
		5BBAE6CE1658F71E002F9C5C /* Frameworks */ = {
			isa = PBXGroup;
			children = (
				5BBAE6CF1658F71E002F9C5C /* UIKit.framework */,
				5BBAE6D11658F71E002F9C5C /* Foundation.framework */,
				5BBAE6D31658F71E002F9C5C /* CoreGraphics.framework */,
			);
			name = Frameworks;
			sourceTree = "<group>";
		};
		5BBAE6D51658F71E002F9C5C /* chambermaid-ios */ = {
			isa = PBXGroup;
			children = (
				5BBAE6DE1658F71E002F9C5C /* ChambermaidAppDelegate.h */,
				5BBAE6DF1658F71E002F9C5C /* ChambermaidAppDelegate.m */,
				5BBAE6E11658F71E002F9C5C /* ChambermaidViewController.h */,
				5BBAE6E21658F71E002F9C5C /* ChambermaidViewController.m */,
				5BBAE6EC1658F77F002F9C5C /* ChambermaidURLProtocol.h */,
				5BBAE6ED1658F77F002F9C5C /* ChambermaidURLProtocol.m */,
				5BBAE6E41658F71E002F9C5C /* ChambermaidViewController.xib */,
				5BBAE6D61658F71E002F9C5C /* Supporting Files */,
				5B15D9DD165C096D00EE7F47 /* ChambermaidDataURLProtocol.h */,
				5B15D9DE165C096D00EE7F47 /* ChambermaidDataURLProtocol.m */,
			);
			path = "chambermaid-ios";
			sourceTree = "<group>";
		};
		5BBAE6D61658F71E002F9C5C /* Supporting Files */ = {
			isa = PBXGroup;
			children = (
				5BBAE6D71658F71E002F9C5C /* chambermaid-ios-Info.plist */,
				5BBAE6D81658F71E002F9C5C /* InfoPlist.strings */,
				5BBAE6DB1658F71E002F9C5C /* main.m */,
				5BBAE6DD1658F71E002F9C5C /* chambermaid-ios-Prefix.pch */,
			);
			name = "Supporting Files";
			sourceTree = "<group>";
		};
/* End PBXGroup section */

/* Begin PBXNativeTarget section */
		5BBAE6CA1658F71E002F9C5C /* chambermaid-ios */ = {
			isa = PBXNativeTarget;
			buildConfigurationList = 5BBAE6E91658F71E002F9C5C /* Build configuration list for PBXNativeTarget "chambermaid-ios" */;
			buildPhases = (
				5BBAE6C71658F71E002F9C5C /* Sources */,
				5BBAE6C81658F71E002F9C5C /* Frameworks */,
				5BBAE6C91658F71E002F9C5C /* Resources */,
				5BBAE6F11658FA21002F9C5C /* ShellScript */,
			);
			buildRules = (
			);
			dependencies = (
			);
			name = "chambermaid-ios";
			productName = "chambermaid-ios";
			productReference = 5BBAE6CB1658F71E002F9C5C /* chambermaid-ios.app */;
			productType = "com.apple.product-type.application";
		};
/* End PBXNativeTarget section */

/* Begin PBXProject section */
		5BBAE6C21658F71D002F9C5C /* Project object */ = {
			isa = PBXProject;
			attributes = {
				LastUpgradeCheck = 0420;
				ORGANIZATIONNAME = "Bauer + Kirch GmbH";
			};
			buildConfigurationList = 5BBAE6C51658F71D002F9C5C /* Build configuration list for PBXProject "chambermaid-ios" */;
			compatibilityVersion = "Xcode 3.2";
			developmentRegion = English;
			hasScannedForEncodings = 0;
			knownRegions = (
				en,
			);
			mainGroup = 5BBAE6C01658F71D002F9C5C;
			productRefGroup = 5BBAE6CC1658F71E002F9C5C /* Products */;
			projectDirPath = "";
			projectRoot = "";
			targets = (
				5BBAE6CA1658F71E002F9C5C /* chambermaid-ios */,
			);
		};
/* End PBXProject section */

/* Begin PBXResourcesBuildPhase section */
		5BBAE6C91658F71E002F9C5C /* Resources */ = {
			isa = PBXResourcesBuildPhase;
			buildActionMask = 2147483647;
			files = (
				5BBAE6DA1658F71E002F9C5C /* InfoPlist.strings in Resources */,
				5BBAE6E61658F71E002F9C5C /* ChambermaidViewController.xib in Resources */,
				5BBAE6F01658FA0B002F9C5C /* chambermaid-frontend in Resources */,
				5B9F819116597F5E00944D70 /* chambermaid-client.p12 in Resources */,
			);
			runOnlyForDeploymentPostprocessing = 0;
		};
/* End PBXResourcesBuildPhase section */

/* Begin PBXShellScriptBuildPhase section */
		5BBAE6F11658FA21002F9C5C /* ShellScript */ = {
			isa = PBXShellScriptBuildPhase;
			buildActionMask = 2147483647;
			files = (
			);
			inputPaths = (
			);
			outputPaths = (
			);
			runOnlyForDeploymentPostprocessing = 0;
			shellPath = /bin/tcsh;
			shellScript = "touch -cm ${SRCROOT}/chambermaid-frontend";
		};
/* End PBXShellScriptBuildPhase section */

/* Begin PBXSourcesBuildPhase section */
		5BBAE6C71658F71E002F9C5C /* Sources */ = {
			isa = PBXSourcesBuildPhase;
			buildActionMask = 2147483647;
			files = (
				5BBAE6DC1658F71E002F9C5C /* main.m in Sources */,
				5BBAE6E01658F71E002F9C5C /* ChambermaidAppDelegate.m in Sources */,
				5BBAE6E31658F71E002F9C5C /* ChambermaidViewController.m in Sources */,
				5BBAE6EE1658F77F002F9C5C /* ChambermaidURLProtocol.m in Sources */,
				5B15D9DF165C096D00EE7F47 /* ChambermaidDataURLProtocol.m in Sources */,
			);
			runOnlyForDeploymentPostprocessing = 0;
		};
/* End PBXSourcesBuildPhase section */

/* Begin PBXVariantGroup section */
		5BBAE6D81658F71E002F9C5C /* InfoPlist.strings */ = {
			isa = PBXVariantGroup;
			children = (
				5BBAE6D91658F71E002F9C5C /* en */,
			);
			name = InfoPlist.strings;
			sourceTree = "<group>";
		};
		5BBAE6E41658F71E002F9C5C /* ChambermaidViewController.xib */ = {
			isa = PBXVariantGroup;
			children = (
				5BBAE6E51658F71E002F9C5C /* en */,
			);
			name = ChambermaidViewController.xib;
			sourceTree = "<group>";
		};
/* End PBXVariantGroup section */

/* Begin XCBuildConfiguration section */
		5BBAE6E71658F71E002F9C5C /* Debug */ = {
			isa = XCBuildConfiguration;
			buildSettings = {
				ALWAYS_SEARCH_USER_PATHS = NO;
				ARCHS = "$(ARCHS_STANDARD_32_BIT)";
				CLANG_ENABLE_OBJC_ARC = YES;
				"CODE_SIGN_IDENTITY[sdk=iphoneos*]" = "iPhone Developer";
				COPY_PHASE_STRIP = NO;
				GCC_C_LANGUAGE_STANDARD = gnu99;
				GCC_DYNAMIC_NO_PIC = NO;
				GCC_OPTIMIZATION_LEVEL = 0;
				GCC_PREPROCESSOR_DEFINITIONS = (
					"DEBUG=1",
					"$(inherited)",
				);
				GCC_SYMBOLS_PRIVATE_EXTERN = NO;
				GCC_VERSION = com.apple.compilers.llvm.clang.1_0;
				GCC_WARN_ABOUT_MISSING_PROTOTYPES = YES;
				GCC_WARN_ABOUT_RETURN_TYPE = YES;
				GCC_WARN_UNUSED_VARIABLE = YES;
				IPHONEOS_DEPLOYMENT_TARGET = 5.0;
				PRODUCT_NAME = Chambermaid;
				SDKROOT = iphoneos;
			};
			name = Debug;
		};
		5BBAE6E81658F71E002F9C5C /* Release */ = {
			isa = XCBuildConfiguration;
			buildSettings = {
				ALWAYS_SEARCH_USER_PATHS = NO;
				ARCHS = "$(ARCHS_STANDARD_32_BIT)";
				CLANG_ENABLE_OBJC_ARC = YES;
				"CODE_SIGN_IDENTITY[sdk=iphoneos*]" = "iPhone Developer";
				COPY_PHASE_STRIP = YES;
				GCC_C_LANGUAGE_STANDARD = gnu99;
				GCC_VERSION = com.apple.compilers.llvm.clang.1_0;
				GCC_WARN_ABOUT_MISSING_PROTOTYPES = YES;
				GCC_WARN_ABOUT_RETURN_TYPE = YES;
				GCC_WARN_UNUSED_VARIABLE = YES;
				IPHONEOS_DEPLOYMENT_TARGET = 5.0;
				OTHER_CFLAGS = "-DNS_BLOCK_ASSERTIONS=1";
				PRODUCT_NAME = Chambermaid;
				SDKROOT = iphoneos;
				VALIDATE_PRODUCT = YES;
			};
			name = Release;
		};
		5BBAE6EA1658F71E002F9C5C /* Debug */ = {
			isa = XCBuildConfiguration;
			buildSettings = {
				GCC_PRECOMPILE_PREFIX_HEADER = YES;
				GCC_PREFIX_HEADER = "chambermaid-ios/chambermaid-ios-Prefix.pch";
				INFOPLIST_FILE = "chambermaid-ios/chambermaid-ios-Info.plist";
				PRODUCT_NAME = "$(TARGET_NAME)";
				WRAPPER_EXTENSION = app;
			};
			name = Debug;
		};
		5BBAE6EB1658F71E002F9C5C /* Release */ = {
			isa = XCBuildConfiguration;
			buildSettings = {
				GCC_PRECOMPILE_PREFIX_HEADER = YES;
				GCC_PREFIX_HEADER = "chambermaid-ios/chambermaid-ios-Prefix.pch";
				INFOPLIST_FILE = "chambermaid-ios/chambermaid-ios-Info.plist";
				PRODUCT_NAME = "$(TARGET_NAME)";
				WRAPPER_EXTENSION = app;
			};
			name = Release;
		};
/* End XCBuildConfiguration section */

/* Begin XCConfigurationList section */
		5BBAE6C51658F71D002F9C5C /* Build configuration list for PBXProject "chambermaid-ios" */ = {
			isa = XCConfigurationList;
			buildConfigurations = (
				5BBAE6E71658F71E002F9C5C /* Debug */,
				5BBAE6E81658F71E002F9C5C /* Release */,
			);
			defaultConfigurationIsVisible = 0;
			defaultConfigurationName = Release;
		};
		5BBAE6E91658F71E002F9C5C /* Build configuration list for PBXNativeTarget "chambermaid-ios" */ = {
			isa = XCConfigurationList;
			buildConfigurations = (
				5BBAE6EA1658F71E002F9C5C /* Debug */,
				5BBAE6EB1658F71E002F9C5C /* Release */,
			);
			defaultConfigurationIsVisible = 0;
			defaultConfigurationName = Release;
		};
/* End XCConfigurationList section */
	};
	rootObject = 5BBAE6C21658F71D002F9C5C /* Project object */;
}
